// !$*UTF8*$!
{
	archiveVersion = 1;
	classes = {
	};
	objectVersion = 46;
	objects = {

/* Begin PBXBuildFile section */
		04BEC3C118DA4B9F009AF65D /* Foundation.framework in Frameworks */ = {isa = PBXBuildFile; fileRef = 04BEC3C018DA4B9F009AF65D /* Foundation.framework */; };
		04BEC3C318DA4B9F009AF65D /* CoreGraphics.framework in Frameworks */ = {isa = PBXBuildFile; fileRef = 04BEC3C218DA4B9F009AF65D /* CoreGraphics.framework */; };
		04BEC3C518DA4B9F009AF65D /* UIKit.framework in Frameworks */ = {isa = PBXBuildFile; fileRef = 04BEC3C418DA4B9F009AF65D /* UIKit.framework */; };
		04BEC3CB18DA4B9F009AF65D /* InfoPlist.strings in Resources */ = {isa = PBXBuildFile; fileRef = 04BEC3C918DA4B9F009AF65D /* InfoPlist.strings */; };
		04BEC3CD18DA4B9F009AF65D /* main.m in Sources */ = {isa = PBXBuildFile; fileRef = 04BEC3CC18DA4B9F009AF65D /* main.m */; };
		04BEC3D118DA4B9F009AF65D /* AppDelegate.m in Sources */ = {isa = PBXBuildFile; fileRef = 04BEC3D018DA4B9F009AF65D /* AppDelegate.m */; };
		04BEC3D418DA4B9F009AF65D /* Main.storyboard in Resources */ = {isa = PBXBuildFile; fileRef = 04BEC3D218DA4B9F009AF65D /* Main.storyboard */; };
		04BEC3D718DA4B9F009AF65D /* ViewController.m in Sources */ = {isa = PBXBuildFile; fileRef = 04BEC3D618DA4B9F009AF65D /* ViewController.m */; };
		04BEC3D918DA4B9F009AF65D /* Images.xcassets in Resources */ = {isa = PBXBuildFile; fileRef = 04BEC3D818DA4B9F009AF65D /* Images.xcassets */; };
		04BEC3E018DA4B9F009AF65D /* XCTest.framework in Frameworks */ = {isa = PBXBuildFile; fileRef = 04BEC3DF18DA4B9F009AF65D /* XCTest.framework */; };
		04BEC3E118DA4B9F009AF65D /* Foundation.framework in Frameworks */ = {isa = PBXBuildFile; fileRef = 04BEC3C018DA4B9F009AF65D /* Foundation.framework */; };
		04BEC3E218DA4B9F009AF65D /* UIKit.framework in Frameworks */ = {isa = PBXBuildFile; fileRef = 04BEC3C418DA4B9F009AF65D /* UIKit.framework */; };
		04BEC3EA18DA4B9F009AF65D /* InfoPlist.strings in Resources */ = {isa = PBXBuildFile; fileRef = 04BEC3E818DA4B9F009AF65D /* InfoPlist.strings */; };
		04BEC3EC18DA4B9F009AF65D /* GMathAppTests.m in Sources */ = {isa = PBXBuildFile; fileRef = 04BEC3EB18DA4B9F009AF65D /* GMathAppTests.m */; };
/* End PBXBuildFile section */

/* Begin PBXContainerItemProxy section */
		04BEC3E318DA4B9F009AF65D /* PBXContainerItemProxy */ = {
			isa = PBXContainerItemProxy;
			containerPortal = 04BEC3B518DA4B9E009AF65D /* Project object */;
			proxyType = 1;
			remoteGlobalIDString = 04BEC3BC18DA4B9F009AF65D;
			remoteInfo = GMathApp;
		};
/* End PBXContainerItemProxy section */

/* Begin PBXFileReference section */
		04BEC3BD18DA4B9F009AF65D /* GMathApp.app */ = {isa = PBXFileReference; explicitFileType = wrapper.application; includeInIndex = 0; path = GMathApp.app; sourceTree = BUILT_PRODUCTS_DIR; };
		04BEC3C018DA4B9F009AF65D /* Foundation.framework */ = {isa = PBXFileReference; lastKnownFileType = wrapper.framework; name = Foundation.framework; path = System/Library/Frameworks/Foundation.framework; sourceTree = SDKROOT; };
		04BEC3C218DA4B9F009AF65D /* CoreGraphics.framework */ = {isa = PBXFileReference; lastKnownFileType = wrapper.framework; name = CoreGraphics.framework; path = System/Library/Frameworks/CoreGraphics.framework; sourceTree = SDKROOT; };
		04BEC3C418DA4B9F009AF65D /* UIKit.framework */ = {isa = PBXFileReference; lastKnownFileType = wrapper.framework; name = UIKit.framework; path = System/Library/Frameworks/UIKit.framework; sourceTree = SDKROOT; };
		04BEC3C818DA4B9F009AF65D /* GMathApp-Info.plist */ = {isa = PBXFileReference; lastKnownFileType = text.plist.xml; path = "GMathApp-Info.plist"; sourceTree = "<group>"; };
		04BEC3CA18DA4B9F009AF65D /* en */ = {isa = PBXFileReference; lastKnownFileType = text.plist.strings; name = en; path = en.lproj/InfoPlist.strings; sourceTree = "<group>"; };
		04BEC3CC18DA4B9F009AF65D /* main.m */ = {isa = PBXFileReference; lastKnownFileType = sourcecode.c.objc; path = main.m; sourceTree = "<group>"; };
		04BEC3CE18DA4B9F009AF65D /* GMathApp-Prefix.pch */ = {isa = PBXFileReference; lastKnownFileType = sourcecode.c.h; path = "GMathApp-Prefix.pch"; sourceTree = "<group>"; };
		04BEC3CF18DA4B9F009AF65D /* AppDelegate.h */ = {isa = PBXFileReference; lastKnownFileType = sourcecode.c.h; path = AppDelegate.h; sourceTree = "<group>"; };
		04BEC3D018DA4B9F009AF65D /* AppDelegate.m */ = {isa = PBXFileReference; lastKnownFileType = sourcecode.c.objc; path = AppDelegate.m; sourceTree = "<group>"; };
		04BEC3D318DA4B9F009AF65D /* Base */ = {isa = PBXFileReference; lastKnownFileType = file.storyboard; name = Base; path = Base.lproj/Main.storyboard; sourceTree = "<group>"; };
		04BEC3D518DA4B9F009AF65D /* ViewController.h */ = {isa = PBXFileReference; lastKnownFileType = sourcecode.c.h; path = ViewController.h; sourceTree = "<group>"; };
		04BEC3D618DA4B9F009AF65D /* ViewController.m */ = {isa = PBXFileReference; lastKnownFileType = sourcecode.c.objc; path = ViewController.m; sourceTree = "<group>"; };
		04BEC3D818DA4B9F009AF65D /* Images.xcassets */ = {isa = PBXFileReference; lastKnownFileType = folder.assetcatalog; path = Images.xcassets; sourceTree = "<group>"; };
		04BEC3DE18DA4B9F009AF65D /* GMathAppTests.xctest */ = {isa = PBXFileReference; explicitFileType = wrapper.cfbundle; includeInIndex = 0; path = GMathAppTests.xctest; sourceTree = BUILT_PRODUCTS_DIR; };
		04BEC3DF18DA4B9F009AF65D /* XCTest.framework */ = {isa = PBXFileReference; lastKnownFileType = wrapper.framework; name = XCTest.framework; path = Library/Frameworks/XCTest.framework; sourceTree = DEVELOPER_DIR; };
		04BEC3E718DA4B9F009AF65D /* GMathAppTests-Info.plist */ = {isa = PBXFileReference; lastKnownFileType = text.plist.xml; path = "GMathAppTests-Info.plist"; sourceTree = "<group>"; };
		04BEC3E918DA4B9F009AF65D /* en */ = {isa = PBXFileReference; lastKnownFileType = text.plist.strings; name = en; path = en.lproj/InfoPlist.strings; sourceTree = "<group>"; };
		04BEC3EB18DA4B9F009AF65D /* GMathAppTests.m */ = {isa = PBXFileReference; lastKnownFileType = sourcecode.c.objc; path = GMathAppTests.m; sourceTree = "<group>"; };
/* End PBXFileReference section */

/* Begin PBXFrameworksBuildPhase section */
		04BEC3BA18DA4B9F009AF65D /* Frameworks */ = {
			isa = PBXFrameworksBuildPhase;
			buildActionMask = 2147483647;
			files = (
				04BEC3C318DA4B9F009AF65D /* CoreGraphics.framework in Frameworks */,
				04BEC3C518DA4B9F009AF65D /* UIKit.framework in Frameworks */,
				04BEC3C118DA4B9F009AF65D /* Foundation.framework in Frameworks */,
			);
			runOnlyForDeploymentPostprocessing = 0;
		};
		04BEC3DB18DA4B9F009AF65D /* Frameworks */ = {
			isa = PBXFrameworksBuildPhase;
			buildActionMask = 2147483647;
			files = (
				04BEC3E018DA4B9F009AF65D /* XCTest.framework in Frameworks */,
				04BEC3E218DA4B9F009AF65D /* UIKit.framework in Frameworks */,
				04BEC3E118DA4B9F009AF65D /* Foundation.framework in Frameworks */,
			);
			runOnlyForDeploymentPostprocessing = 0;
		};
/* End PBXFrameworksBuildPhase section */

/* Begin PBXGroup section */
		04BEC3B418DA4B9E009AF65D = {
			isa = PBXGroup;
			children = (
				04BEC3C618DA4B9F009AF65D /* GMathApp */,
				04BEC3E518DA4B9F009AF65D /* GMathAppTests */,
				04BEC3BF18DA4B9F009AF65D /* Frameworks */,
				04BEC3BE18DA4B9F009AF65D /* Products */,
			);
			sourceTree = "<group>";
		};
		04BEC3BE18DA4B9F009AF65D /* Products */ = {
			isa = PBXGroup;
			children = (
				04BEC3BD18DA4B9F009AF65D /* GMathApp.app */,
				04BEC3DE18DA4B9F009AF65D /* GMathAppTests.xctest */,
			);
			name = Products;
			sourceTree = "<group>";
		};
		04BEC3BF18DA4B9F009AF65D /* Frameworks */ = {
			isa = PBXGroup;
			children = (
				04BEC3C018DA4B9F009AF65D /* Foundation.framework */,
				04BEC3C218DA4B9F009AF65D /* CoreGraphics.framework */,
				04BEC3C418DA4B9F009AF65D /* UIKit.framework */,
				04BEC3DF18DA4B9F009AF65D /* XCTest.framework */,
			);
			name = Frameworks;
			sourceTree = "<group>";
		};
		04BEC3C618DA4B9F009AF65D /* GMathApp */ = {
			isa = PBXGroup;
			children = (
				04BEC3CF18DA4B9F009AF65D /* AppDelegate.h */,
				04BEC3D018DA4B9F009AF65D /* AppDelegate.m */,
				04BEC3D218DA4B9F009AF65D /* Main.storyboard */,
				04BEC3D518DA4B9F009AF65D /* ViewController.h */,
				04BEC3D618DA4B9F009AF65D /* ViewController.m */,
				04BEC3D818DA4B9F009AF65D /* Images.xcassets */,
				04BEC3C718DA4B9F009AF65D /* Supporting Files */,
			);
			path = GMathApp;
			sourceTree = "<group>";
		};
		04BEC3C718DA4B9F009AF65D /* Supporting Files */ = {
			isa = PBXGroup;
			children = (
				04BEC3C818DA4B9F009AF65D /* GMathApp-Info.plist */,
				04BEC3C918DA4B9F009AF65D /* InfoPlist.strings */,
				04BEC3CC18DA4B9F009AF65D /* main.m */,
				04BEC3CE18DA4B9F009AF65D /* GMathApp-Prefix.pch */,
			);
			name = "Supporting Files";
			sourceTree = "<group>";
		};
		04BEC3E518DA4B9F009AF65D /* GMathAppTests */ = {
			isa = PBXGroup;
			children = (
				04BEC3EB18DA4B9F009AF65D /* GMathAppTests.m */,
				04BEC3E618DA4B9F009AF65D /* Supporting Files */,
			);
			path = GMathAppTests;
			sourceTree = "<group>";
		};
		04BEC3E618DA4B9F009AF65D /* Supporting Files */ = {
			isa = PBXGroup;
			children = (
				04BEC3E718DA4B9F009AF65D /* GMathAppTests-Info.plist */,
				04BEC3E818DA4B9F009AF65D /* InfoPlist.strings */,
			);
			name = "Supporting Files";
			sourceTree = "<group>";
		};
/* End PBXGroup section */

/* Begin PBXNativeTarget section */
		04BEC3BC18DA4B9F009AF65D /* GMathApp */ = {
			isa = PBXNativeTarget;
			buildConfigurationList = 04BEC3EF18DA4B9F009AF65D /* Build configuration list for PBXNativeTarget "GMathApp" */;
			buildPhases = (
				04BEC3B918DA4B9F009AF65D /* Sources */,
				04BEC3BA18DA4B9F009AF65D /* Frameworks */,
				04BEC3BB18DA4B9F009AF65D /* Resources */,
			);
			buildRules = (
			);
			dependencies = (
			);
			name = GMathApp;
			productName = GMathApp;
			productReference = 04BEC3BD18DA4B9F009AF65D /* GMathApp.app */;
			productType = "com.apple.product-type.application";
		};
		04BEC3DD18DA4B9F009AF65D /* GMathAppTests */ = {
			isa = PBXNativeTarget;
			buildConfigurationList = 04BEC3F218DA4B9F009AF65D /* Build configuration list for PBXNativeTarget "GMathAppTests" */;
			buildPhases = (
				04BEC3DA18DA4B9F009AF65D /* Sources */,
				04BEC3DB18DA4B9F009AF65D /* Frameworks */,
				04BEC3DC18DA4B9F009AF65D /* Resources */,
			);
			buildRules = (
			);
			dependencies = (
				04BEC3E418DA4B9F009AF65D /* PBXTargetDependency */,
			);
			name = GMathAppTests;
			productName = GMathAppTests;
			productReference = 04BEC3DE18DA4B9F009AF65D /* GMathAppTests.xctest */;
			productType = "com.apple.product-type.bundle.unit-test";
		};
/* End PBXNativeTarget section */

/* Begin PBXProject section */
		04BEC3B518DA4B9E009AF65D /* Project object */ = {
			isa = PBXProject;
			attributes = {
				LastUpgradeCheck = 0510;
				ORGANIZATIONNAME = wasatchCode;
				TargetAttributes = {
					04BEC3DD18DA4B9F009AF65D = {
						TestTargetID = 04BEC3BC18DA4B9F009AF65D;
					};
				};
			};
			buildConfigurationList = 04BEC3B818DA4B9F009AF65D /* Build configuration list for PBXProject "GMathApp" */;
			compatibilityVersion = "Xcode 3.2";
			developmentRegion = English;
			hasScannedForEncodings = 0;
			knownRegions = (
				en,
				Base,
			);
			mainGroup = 04BEC3B418DA4B9E009AF65D;
			productRefGroup = 04BEC3BE18DA4B9F009AF65D /* Products */;
			projectDirPath = "";
			projectRoot = "";
			targets = (
				04BEC3BC18DA4B9F009AF65D /* GMathApp */,
				04BEC3DD18DA4B9F009AF65D /* GMathAppTests */,
			);
		};
/* End PBXProject section */

/* Begin PBXResourcesBuildPhase section */
		04BEC3BB18DA4B9F009AF65D /* Resources */ = {
			isa = PBXResourcesBuildPhase;
			buildActionMask = 2147483647;
			files = (
				04BEC3D918DA4B9F009AF65D /* Images.xcassets in Resources */,
				04BEC3CB18DA4B9F009AF65D /* InfoPlist.strings in Resources */,
				04BEC3D418DA4B9F009AF65D /* Main.storyboard in Resources */,
			);
			runOnlyForDeploymentPostprocessing = 0;
		};
		04BEC3DC18DA4B9F009AF65D /* Resources */ = {
			isa = PBXResourcesBuildPhase;
			buildActionMask = 2147483647;
			files = (
				04BEC3EA18DA4B9F009AF65D /* InfoPlist.strings in Resources */,
			);
			runOnlyForDeploymentPostprocessing = 0;
		};
/* End PBXResourcesBuildPhase section */

/* Begin PBXSourcesBuildPhase section */
		04BEC3B918DA4B9F009AF65D /* Sources */ = {
			isa = PBXSourcesBuildPhase;
			buildActionMask = 2147483647;
			files = (
				04BEC3D718DA4B9F009AF65D /* ViewController.m in Sources */,
				04BEC3D118DA4B9F009AF65D /* AppDelegate.m in Sources */,
				04BEC3CD18DA4B9F009AF65D /* main.m in Sources */,
			);
			runOnlyForDeploymentPostprocessing = 0;
		};
		04BEC3DA18DA4B9F009AF65D /* Sources */ = {
			isa = PBXSourcesBuildPhase;
			buildActionMask = 2147483647;
			files = (
				04BEC3EC18DA4B9F009AF65D /* GMathAppTests.m in Sources */,
			);
			runOnlyForDeploymentPostprocessing = 0;
		};
/* End PBXSourcesBuildPhase section */

/* Begin PBXTargetDependency section */
		04BEC3E418DA4B9F009AF65D /* PBXTargetDependency */ = {
			isa = PBXTargetDependency;
			target = 04BEC3BC18DA4B9F009AF65D /* GMathApp */;
			targetProxy = 04BEC3E318DA4B9F009AF65D /* PBXContainerItemProxy */;
		};
/* End PBXTargetDependency section */

/* Begin PBXVariantGroup section */
		04BEC3C918DA4B9F009AF65D /* InfoPlist.strings */ = {
			isa = PBXVariantGroup;
			children = (
				04BEC3CA18DA4B9F009AF65D /* en */,
			);
			name = InfoPlist.strings;
			sourceTree = "<group>";
		};
		04BEC3D218DA4B9F009AF65D /* Main.storyboard */ = {
			isa = PBXVariantGroup;
			children = (
				04BEC3D318DA4B9F009AF65D /* Base */,
			);
			name = Main.storyboard;
			sourceTree = "<group>";
		};
		04BEC3E818DA4B9F009AF65D /* InfoPlist.strings */ = {
			isa = PBXVariantGroup;
			children = (
				04BEC3E918DA4B9F009AF65D /* en */,
			);
			name = InfoPlist.strings;
			sourceTree = "<group>";
		};
/* End PBXVariantGroup section */

/* Begin XCBuildConfiguration section */
		04BEC3ED18DA4B9F009AF65D /* Debug */ = {
			isa = XCBuildConfiguration;
			buildSettings = {
				ALWAYS_SEARCH_USER_PATHS = NO;
				CLANG_CXX_LANGUAGE_STANDARD = "gnu++0x";
				CLANG_CXX_LIBRARY = "libc++";
				CLANG_ENABLE_MODULES = YES;
				CLANG_ENABLE_OBJC_ARC = YES;
				CLANG_WARN_BOOL_CONVERSION = YES;
				CLANG_WARN_CONSTANT_CONVERSION = YES;
				CLANG_WARN_DIRECT_OBJC_ISA_USAGE = YES_ERROR;
				CLANG_WARN_EMPTY_BODY = YES;
				CLANG_WARN_ENUM_CONVERSION = YES;
				CLANG_WARN_INT_CONVERSION = YES;
				CLANG_WARN_OBJC_ROOT_CLASS = YES_ERROR;
				CLANG_WARN__DUPLICATE_METHOD_MATCH = YES;
				"CODE_SIGN_IDENTITY[sdk=iphoneos*]" = "iPhone Developer";
				COPY_PHASE_STRIP = NO;
				GCC_C_LANGUAGE_STANDARD = gnu99;
				GCC_DYNAMIC_NO_PIC = NO;
				GCC_OPTIMIZATION_LEVEL = 0;
				GCC_PREPROCESSOR_DEFINITIONS = (
					"DEBUG=1",
					"$(inherited)",
				);
				GCC_SYMBOLS_PRIVATE_EXTERN = NO;
				GCC_WARN_64_TO_32_BIT_CONVERSION = YES;
				GCC_WARN_ABOUT_RETURN_TYPE = YES_ERROR;
				GCC_WARN_UNDECLARED_SELECTOR = YES;
				GCC_WARN_UNINITIALIZED_AUTOS = YES_AGGRESSIVE;
				GCC_WARN_UNUSED_FUNCTION = YES;
				GCC_WARN_UNUSED_VARIABLE = YES;
				IPHONEOS_DEPLOYMENT_TARGET = 7.1;
				ONLY_ACTIVE_ARCH = YES;
				SDKROOT = iphoneos;
			};
			name = Debug;
		};
		04BEC3EE18DA4B9F009AF65D /* Release */ = {
			isa = XCBuildConfiguration;
			buildSettings = {
				ALWAYS_SEARCH_USER_PATHS = NO;
				CLANG_CXX_LANGUAGE_STANDARD = "gnu++0x";
				CLANG_CXX_LIBRARY = "libc++";
				CLANG_ENABLE_MODULES = YES;
				CLANG_ENABLE_OBJC_ARC = YES;
				CLANG_WARN_BOOL_CONVERSION = YES;
				CLANG_WARN_CONSTANT_CONVERSION = YES;
				CLANG_WARN_DIRECT_OBJC_ISA_USAGE = YES_ERROR;
				CLANG_WARN_EMPTY_BODY = YES;
				CLANG_WARN_ENUM_CONVERSION = YES;
				CLANG_WARN_INT_CONVERSION = YES;
				CLANG_WARN_OBJC_ROOT_CLASS = YES_ERROR;
				CLANG_WARN__DUPLICATE_METHOD_MATCH = YES;
				"CODE_SIGN_IDENTITY[sdk=iphoneos*]" = "iPhone Developer";
				COPY_PHASE_STRIP = YES;
				ENABLE_NS_ASSERTIONS = NO;
				GCC_C_LANGUAGE_STANDARD = gnu99;
				GCC_WARN_64_TO_32_BIT_CONVERSION = YES;
				GCC_WARN_ABOUT_RETURN_TYPE = YES_ERROR;
				GCC_WARN_UNDECLARED_SELECTOR = YES;
				GCC_WARN_UNINITIALIZED_AUTOS = YES_AGGRESSIVE;
				GCC_WARN_UNUSED_FUNCTION = YES;
				GCC_WARN_UNUSED_VARIABLE = YES;
				IPHONEOS_DEPLOYMENT_TARGET = 7.1;
				SDKROOT = iphoneos;
				VALIDATE_PRODUCT = YES;
			};
			name = Release;
		};
		04BEC3F018DA4B9F009AF65D /* Debug */ = {
			isa = XCBuildConfiguration;
			buildSettings = {
				ASSETCATALOG_COMPILER_APPICON_NAME = AppIcon;
				ASSETCATALOG_COMPILER_LAUNCHIMAGE_NAME = LaunchImage;
				GCC_PRECOMPILE_PREFIX_HEADER = YES;
				GCC_PREFIX_HEADER = "GMathApp/GMathApp-Prefix.pch";
				INFOPLIST_FILE = "GMathApp/GMathApp-Info.plist";
				PRODUCT_NAME = "$(TARGET_NAME)";
				WRAPPER_EXTENSION = app;
			};
			name = Debug;
		};
		04BEC3F118DA4B9F009AF65D /* Release */ = {
			isa = XCBuildConfiguration;
			buildSettings = {
				ASSETCATALOG_COMPILER_APPICON_NAME = AppIcon;
				ASSETCATALOG_COMPILER_LAUNCHIMAGE_NAME = LaunchImage;
				GCC_PRECOMPILE_PREFIX_HEADER = YES;
				GCC_PREFIX_HEADER = "GMathApp/GMathApp-Prefix.pch";
				INFOPLIST_FILE = "GMathApp/GMathApp-Info.plist";
				PRODUCT_NAME = "$(TARGET_NAME)";
				WRAPPER_EXTENSION = app;
			};
			name = Release;
		};
		04BEC3F318DA4B9F009AF65D /* Debug */ = {
			isa = XCBuildConfiguration;
			buildSettings = {
				BUNDLE_LOADER = "$(BUILT_PRODUCTS_DIR)/GMathApp.app/GMathApp";
				FRAMEWORK_SEARCH_PATHS = (
					"$(SDKROOT)/Developer/Library/Frameworks",
					"$(inherited)",
					"$(DEVELOPER_FRAMEWORKS_DIR)",
				);
				GCC_PRECOMPILE_PREFIX_HEADER = YES;
				GCC_PREFIX_HEADER = "GMathApp/GMathApp-Prefix.pch";
				GCC_PREPROCESSOR_DEFINITIONS = (
					"DEBUG=1",
					"$(inherited)",
				);
				INFOPLIST_FILE = "GMathAppTests/GMathAppTests-Info.plist";
				PRODUCT_NAME = "$(TARGET_NAME)";
				TEST_HOST = "$(BUNDLE_LOADER)";
				WRAPPER_EXTENSION = xctest;
			};
			name = Debug;
		};
		04BEC3F418DA4B9F009AF65D /* Release */ = {
			isa = XCBuildConfiguration;
			buildSettings = {
				BUNDLE_LOADER = "$(BUILT_PRODUCTS_DIR)/GMathApp.app/GMathApp";
				FRAMEWORK_SEARCH_PATHS = (
					"$(SDKROOT)/Developer/Library/Frameworks",
					"$(inherited)",
					"$(DEVELOPER_FRAMEWORKS_DIR)",
				);
				GCC_PRECOMPILE_PREFIX_HEADER = YES;
				GCC_PREFIX_HEADER = "GMathApp/GMathApp-Prefix.pch";
				INFOPLIST_FILE = "GMathAppTests/GMathAppTests-Info.plist";
				PRODUCT_NAME = "$(TARGET_NAME)";
				TEST_HOST = "$(BUNDLE_LOADER)";
				WRAPPER_EXTENSION = xctest;
			};
			name = Release;
		};
/* End XCBuildConfiguration section */

/* Begin XCConfigurationList section */
		04BEC3B818DA4B9F009AF65D /* Build configuration list for PBXProject "GMathApp" */ = {
			isa = XCConfigurationList;
			buildConfigurations = (
				04BEC3ED18DA4B9F009AF65D /* Debug */,
				04BEC3EE18DA4B9F009AF65D /* Release */,
			);
			defaultConfigurationIsVisible = 0;
			defaultConfigurationName = Release;
		};
		04BEC3EF18DA4B9F009AF65D /* Build configuration list for PBXNativeTarget "GMathApp" */ = {
			isa = XCConfigurationList;
			buildConfigurations = (
				04BEC3F018DA4B9F009AF65D /* Debug */,
				04BEC3F118DA4B9F009AF65D /* Release */,
			);
			defaultConfigurationIsVisible = 0;
		};
		04BEC3F218DA4B9F009AF65D /* Build configuration list for PBXNativeTarget "GMathAppTests" */ = {
			isa = XCConfigurationList;
			buildConfigurations = (
				04BEC3F318DA4B9F009AF65D /* Debug */,
				04BEC3F418DA4B9F009AF65D /* Release */,
			);
			defaultConfigurationIsVisible = 0;
		};
/* End XCConfigurationList section */
	};
	rootObject = 04BEC3B518DA4B9E009AF65D /* Project object */;
}
